
Microsoft Visual Studio Solution File, Format Version 12.00
# Visual Studio 2013
VisualStudioVersion = 12.0.30501.0
MinimumVisualStudioVersion = 10.0.40219.1
Project("{8BC9CEB8-8B4A-11D0-8D11-00A0C91BC942}") = "Professor Q's Software", "Professor Q's Software\Professor Q's Software.vcxproj", "{3A019332-46A8-44BA-8F27-D7DECCBFBD7E}"
EndProject
Project("{8BC9CEB8-8B4A-11D0-8D11-00A0C91BC942}") = "Islands Travel", "Islands Travel\Islands Travel.vcxproj", "{BB510982-7B71-4978-ACFE-B1CEF7DE7763}"
EndProject
Project("{8BC9CEB8-8B4A-11D0-8D11-00A0C91BC942}") = "Magic Box", "Magic Box\Magic Box.vcxproj", "{3FFF91D0-7E90-4C25-B900-113EE9AFB2AD}"
EndProject
Project("{8BC9CEB8-8B4A-11D0-8D11-00A0C91BC942}") = "TrieTree", "TrieTree\TrieTree.vcxproj", "{0A3A9238-14D7-4C6E-9AAC-8E31961FBC47}"
EndProject
Project("{2150E333-8FDC-42A3-9474-1A3956D46DE8}") = "Common", "Common", "{6507E17C-EABB-49D7-83E8-5CC53D5A9D13}"
	ProjectSection(SolutionItems) = preProject
		Head.h = Head.h
	EndProjectSection
EndProject
Global
	GlobalSection(SolutionConfigurationPlatforms) = preSolution
		Debug|Win32 = Debug|Win32
		Release|Win32 = Release|Win32
	EndGlobalSection
	GlobalSection(ProjectConfigurationPlatforms) = postSolution
		{3A019332-46A8-44BA-8F27-D7DECCBFBD7E}.Debug|Win32.ActiveCfg = Debug|Win32
		{3A019332-46A8-44BA-8F27-D7DECCBFBD7E}.Debug|Win32.Build.0 = Debug|Win32
		{3A019332-46A8-44BA-8F27-D7DECCBFBD7E}.Release|Win32.ActiveCfg = Release|Win32
		{3A019332-46A8-44BA-8F27-D7DECCBFBD7E}.Release|Win32.Build.0 = Release|Win32
		{BB510982-7B71-4978-ACFE-B1CEF7DE7763}.Debug|Win32.ActiveCfg = Debug|Win32
		{BB510982-7B71-4978-ACFE-B1CEF7DE7763}.Debug|Win32.Build.0 = Debug|Win32
		{BB510982-7B71-4978-ACFE-B1CEF7DE7763}.Release|Win32.ActiveCfg = Release|Win32
		{BB510982-7B71-4978-ACFE-B1CEF7DE7763}.Release|Win32.Build.0 = Release|Win32
		{3FFF91D0-7E90-4C25-B900-113EE9AFB2AD}.Debug|Win32.ActiveCfg = Debug|Win32
		{3FFF91D0-7E90-4C25-B900-113EE9AFB2AD}.Debug|Win32.Build.0 = Debug|Win32
		{3FFF91D0-7E90-4C25-B900-113EE9AFB2AD}.Release|Win32.ActiveCfg = Release|Win32
		{3FFF91D0-7E90-4C25-B900-113EE9AFB2AD}.Release|Win32.Build.0 = Release|Win32
		{0A3A9238-14D7-4C6E-9AAC-8E31961FBC47}.Debug|Win32.ActiveCfg = Debug|Win32
		{0A3A9238-14D7-4C6E-9AAC-8E31961FBC47}.Debug|Win32.Build.0 = Debug|Win32
		{0A3A9238-14D7-4C6E-9AAC-8E31961FBC47}.Release|Win32.ActiveCfg = Release|Win32
		{0A3A9238-14D7-4C6E-9AAC-8E31961FBC47}.Release|Win32.Build.0 = Release|Win32
	EndGlobalSection
	GlobalSection(SolutionProperties) = preSolution
		HideSolutionNode = FALSE
	EndGlobalSection
EndGlobal
