
Microsoft Visual Studio Solution File, Format Version 12.00
# Visual Studio 14
VisualStudioVersion = 14.0.23107.0
MinimumVisualStudioVersion = 10.0.40219.1
Project("{8BC9CEB8-8B4A-11D0-8D11-00A0C91BC942}") = "Professor Q's Software", "Professor Q's Software\Professor Q's Software.vcxproj", "{3A019332-46A8-44BA-8F27-D7DECCBFBD7E}"
EndProject
Project("{8BC9CEB8-8B4A-11D0-8D11-00A0C91BC942}") = "Islands Travel", "Islands Travel\Islands Travel.vcxproj", "{BB510982-7B71-4978-ACFE-B1CEF7DE7763}"
EndProject
Project("{8BC9CEB8-8B4A-11D0-8D11-00A0C91BC942}") = "Magic Box", "Magic Box\Magic Box.vcxproj", "{3FFF91D0-7E90-4C25-B900-113EE9AFB2AD}"
EndProject
Project("{8BC9CEB8-8B4A-11D0-8D11-00A0C91BC942}") = "TrieTree", "TrieTree\TrieTree.vcxproj", "{0A3A9238-14D7-4C6E-9AAC-8E31961FBC47}"
EndProject
Project("{8BC9CEB8-8B4A-11D0-8D11-00A0C91BC942}") = "ABCTest", "ABCTest\ABCTest.vcxproj", "{801E3D1A-32F3-4A10-93CD-2545BE641831}"
EndProject
Project("{8BC9CEB8-8B4A-11D0-8D11-00A0C91BC942}") = "PushBox", "PushBox\PushBox.vcxproj", "{D92E96A2-81D7-4E3B-9B02-B0C393A44D63}"
EndProject
Project("{8BC9CEB8-8B4A-11D0-8D11-00A0C91BC942}") = "KMP", "KMP\KMP.vcxproj", "{3E7A630C-5388-4E2A-9703-4B6BCC93FB58}"
EndProject
Project("{8BC9CEB8-8B4A-11D0-8D11-00A0C91BC942}") = "MergeSort", "MergeSort\MergeSort.vcxproj", "{19CC5705-6515-432F-9CFA-84B6FC7F660E}"
EndProject
Project("{8BC9CEB8-8B4A-11D0-8D11-00A0C91BC942}") = "NumericKeypad", "NumericKeypad\NumericKeypad.vcxproj", "{94DFDC00-8E30-42EB-9446-03606099DCD9}"
EndProject
Project("{8BC9CEB8-8B4A-11D0-8D11-00A0C91BC942}") = "LuckySubstrings", "LuckySubstrings\LuckySubstrings.vcxproj", "{31EED45F-1B7D-42A1-881A-8AB71FA04D30}"
EndProject
Project("{8BC9CEB8-8B4A-11D0-8D11-00A0C91BC942}") = "SpringOut", "SpringOut\SpringOut.vcxproj", "{A703AF46-D111-4219-88C7-33D2F01AD515}"
EndProject
Project("{8BC9CEB8-8B4A-11D0-8D11-00A0C91BC942}") = "ColorTree", "ColorTree\ColorTree.vcxproj", "{95C37911-B34F-42BC-AAC3-D51A2AEB0083}"
EndProject
Project("{8BC9CEB8-8B4A-11D0-8D11-00A0C91BC942}") = "CountCards", "CountCards\CountCards.vcxproj", "{351F8B3B-9A5C-4E84-8851-B2C17CAB5722}"
EndProject
Project("{8BC9CEB8-8B4A-11D0-8D11-00A0C91BC942}") = "ReversePair", "ReversePair\ReversePair.vcxproj", "{4C6FE2B1-5E3D-4C4E-AF86-C24E3E5B74C4}"
EndProject
Project("{8BC9CEB8-8B4A-11D0-8D11-00A0C91BC942}") = "N1049", "N1049\N1049.vcxproj", "{1328B898-FB77-4D29-83F6-CB495A56062D}"
EndProject
Project("{8BC9CEB8-8B4A-11D0-8D11-00A0C91BC942}") = "N1", "N1\N1.vcxproj", "{D811EB37-BD78-4C51-91B9-3F07EFACD177}"
EndProject
Project("{8BC9CEB8-8B4A-11D0-8D11-00A0C91BC942}") = "N2", "N2\N2.vcxproj", "{4B98A337-B8C7-438E-828E-EE6C48148279}"
EndProject
Project("{8BC9CEB8-8B4A-11D0-8D11-00A0C91BC942}") = "N3", "N3\N3.vcxproj", "{F9B3C6CD-A50E-4210-9700-C2E3FB8D31C4}"
EndProject
Project("{8BC9CEB8-8B4A-11D0-8D11-00A0C91BC942}") = "N4", "N4\N4.vcxproj", "{D83351FC-67C2-474E-B077-DB1B2667678B}"
EndProject
Project("{8BC9CEB8-8B4A-11D0-8D11-00A0C91BC942}") = "N5", "N5\N5.vcxproj", "{B8AF2664-4DF8-494E-882C-4C3F8A04408B}"
EndProject
Project("{8BC9CEB8-8B4A-11D0-8D11-00A0C91BC942}") = "N6", "N6\N6.vcxproj", "{97B79637-D050-4073-9B4A-9248286782C8}"
EndProject
Project("{2150E333-8FDC-42A3-9474-1A3956D46DE8}") = "Common", "Common", "{614504D5-3C93-402D-8622-424F3903B2ED}"
	ProjectSection(SolutionItems) = preProject
		GlobalFunc.h = GlobalFunc.h
		Head.h = Head.h
		Input.txt = Input.txt
		Solution.cpp = Solution.cpp
	EndProjectSection
EndProject
Project("{8BC9CEB8-8B4A-11D0-8D11-00A0C91BC942}") = "MyClass", "MyClass\MyClass.vcxproj", "{802EB026-FE1E-4C38-97E3-2305B090EA47}"
EndProject
Project("{8BC9CEB8-8B4A-11D0-8D11-00A0C91BC942}") = "BaiduTest", "BaiduProblems\BaiduProblems.vcxproj", "{7B1BAD22-5E56-40FA-A5F6-48D64FDC7A2F}"
EndProject
Project("{8BC9CEB8-8B4A-11D0-8D11-00A0C91BC942}") = "M1", "M1\M1.vcxproj", "{0A6F4F23-7C5F-4AFA-9990-8144E62236E5}"
EndProject
Project("{8BC9CEB8-8B4A-11D0-8D11-00A0C91BC942}") = "M2", "M2\M2.vcxproj", "{93FDFDC4-775C-4EED-B61B-4698E47727DF}"
EndProject
Project("{8BC9CEB8-8B4A-11D0-8D11-00A0C91BC942}") = "M3", "M3\M3.vcxproj", "{CBD060F2-3BF4-458E-8F4F-AF9C0CD890B1}"
EndProject
Project("{8BC9CEB8-8B4A-11D0-8D11-00A0C91BC942}") = "M4", "M4\M4.vcxproj", "{B8C8731A-BAB7-4938-81AD-73B3A31C632C}"
EndProject
Project("{8BC9CEB8-8B4A-11D0-8D11-00A0C91BC942}") = "SAPTest", "SAPTest\SAPTest.vcxproj", "{235F17A3-36D4-49E5-ACA1-D9AF14F1AB82}"
EndProject
Project("{8BC9CEB8-8B4A-11D0-8D11-00A0C91BC942}") = "DidiTest", "DidiTest\DidiTest.vcxproj", "{1ADD78B2-4735-436B-906E-B82025C04298}"
EndProject
Global
	GlobalSection(SolutionConfigurationPlatforms) = preSolution
		Debug|Win32 = Debug|Win32
		Debug|x64 = Debug|x64
		Release|Win32 = Release|Win32
		Release|x64 = Release|x64
	EndGlobalSection
	GlobalSection(ProjectConfigurationPlatforms) = postSolution
		{3A019332-46A8-44BA-8F27-D7DECCBFBD7E}.Debug|Win32.ActiveCfg = Debug|Win32
		{3A019332-46A8-44BA-8F27-D7DECCBFBD7E}.Debug|Win32.Build.0 = Debug|Win32
		{3A019332-46A8-44BA-8F27-D7DECCBFBD7E}.Debug|x64.ActiveCfg = Debug|Win32
		{3A019332-46A8-44BA-8F27-D7DECCBFBD7E}.Release|Win32.ActiveCfg = Release|Win32
		{3A019332-46A8-44BA-8F27-D7DECCBFBD7E}.Release|Win32.Build.0 = Release|Win32
		{3A019332-46A8-44BA-8F27-D7DECCBFBD7E}.Release|x64.ActiveCfg = Release|Win32
		{BB510982-7B71-4978-ACFE-B1CEF7DE7763}.Debug|Win32.ActiveCfg = Debug|Win32
		{BB510982-7B71-4978-ACFE-B1CEF7DE7763}.Debug|Win32.Build.0 = Debug|Win32
		{BB510982-7B71-4978-ACFE-B1CEF7DE7763}.Debug|x64.ActiveCfg = Debug|Win32
		{BB510982-7B71-4978-ACFE-B1CEF7DE7763}.Release|Win32.ActiveCfg = Release|Win32
		{BB510982-7B71-4978-ACFE-B1CEF7DE7763}.Release|Win32.Build.0 = Release|Win32
		{BB510982-7B71-4978-ACFE-B1CEF7DE7763}.Release|x64.ActiveCfg = Release|Win32
		{3FFF91D0-7E90-4C25-B900-113EE9AFB2AD}.Debug|Win32.ActiveCfg = Debug|Win32
		{3FFF91D0-7E90-4C25-B900-113EE9AFB2AD}.Debug|Win32.Build.0 = Debug|Win32
		{3FFF91D0-7E90-4C25-B900-113EE9AFB2AD}.Debug|x64.ActiveCfg = Debug|Win32
		{3FFF91D0-7E90-4C25-B900-113EE9AFB2AD}.Release|Win32.ActiveCfg = Release|Win32
		{3FFF91D0-7E90-4C25-B900-113EE9AFB2AD}.Release|Win32.Build.0 = Release|Win32
		{3FFF91D0-7E90-4C25-B900-113EE9AFB2AD}.Release|x64.ActiveCfg = Release|Win32
		{0A3A9238-14D7-4C6E-9AAC-8E31961FBC47}.Debug|Win32.ActiveCfg = Debug|Win32
		{0A3A9238-14D7-4C6E-9AAC-8E31961FBC47}.Debug|Win32.Build.0 = Debug|Win32
		{0A3A9238-14D7-4C6E-9AAC-8E31961FBC47}.Debug|x64.ActiveCfg = Debug|Win32
		{0A3A9238-14D7-4C6E-9AAC-8E31961FBC47}.Release|Win32.ActiveCfg = Release|Win32
		{0A3A9238-14D7-4C6E-9AAC-8E31961FBC47}.Release|Win32.Build.0 = Release|Win32
		{0A3A9238-14D7-4C6E-9AAC-8E31961FBC47}.Release|x64.ActiveCfg = Release|Win32
		{801E3D1A-32F3-4A10-93CD-2545BE641831}.Debug|Win32.ActiveCfg = Debug|Win32
		{801E3D1A-32F3-4A10-93CD-2545BE641831}.Debug|Win32.Build.0 = Debug|Win32
		{801E3D1A-32F3-4A10-93CD-2545BE641831}.Debug|x64.ActiveCfg = Debug|Win32
		{801E3D1A-32F3-4A10-93CD-2545BE641831}.Release|Win32.ActiveCfg = Release|Win32
		{801E3D1A-32F3-4A10-93CD-2545BE641831}.Release|Win32.Build.0 = Release|Win32
		{801E3D1A-32F3-4A10-93CD-2545BE641831}.Release|x64.ActiveCfg = Release|Win32
		{D92E96A2-81D7-4E3B-9B02-B0C393A44D63}.Debug|Win32.ActiveCfg = Debug|Win32
		{D92E96A2-81D7-4E3B-9B02-B0C393A44D63}.Debug|Win32.Build.0 = Debug|Win32
		{D92E96A2-81D7-4E3B-9B02-B0C393A44D63}.Debug|x64.ActiveCfg = Debug|Win32
		{D92E96A2-81D7-4E3B-9B02-B0C393A44D63}.Release|Win32.ActiveCfg = Release|Win32
		{D92E96A2-81D7-4E3B-9B02-B0C393A44D63}.Release|Win32.Build.0 = Release|Win32
		{D92E96A2-81D7-4E3B-9B02-B0C393A44D63}.Release|x64.ActiveCfg = Release|Win32
		{3E7A630C-5388-4E2A-9703-4B6BCC93FB58}.Debug|Win32.ActiveCfg = Debug|Win32
		{3E7A630C-5388-4E2A-9703-4B6BCC93FB58}.Debug|Win32.Build.0 = Debug|Win32
		{3E7A630C-5388-4E2A-9703-4B6BCC93FB58}.Debug|x64.ActiveCfg = Debug|Win32
		{3E7A630C-5388-4E2A-9703-4B6BCC93FB58}.Release|Win32.ActiveCfg = Release|Win32
		{3E7A630C-5388-4E2A-9703-4B6BCC93FB58}.Release|Win32.Build.0 = Release|Win32
		{3E7A630C-5388-4E2A-9703-4B6BCC93FB58}.Release|x64.ActiveCfg = Release|Win32
		{19CC5705-6515-432F-9CFA-84B6FC7F660E}.Debug|Win32.ActiveCfg = Debug|Win32
		{19CC5705-6515-432F-9CFA-84B6FC7F660E}.Debug|Win32.Build.0 = Debug|Win32
		{19CC5705-6515-432F-9CFA-84B6FC7F660E}.Debug|x64.ActiveCfg = Debug|Win32
		{19CC5705-6515-432F-9CFA-84B6FC7F660E}.Release|Win32.ActiveCfg = Release|Win32
		{19CC5705-6515-432F-9CFA-84B6FC7F660E}.Release|Win32.Build.0 = Release|Win32
		{19CC5705-6515-432F-9CFA-84B6FC7F660E}.Release|x64.ActiveCfg = Release|Win32
		{94DFDC00-8E30-42EB-9446-03606099DCD9}.Debug|Win32.ActiveCfg = Debug|Win32
		{94DFDC00-8E30-42EB-9446-03606099DCD9}.Debug|Win32.Build.0 = Debug|Win32
		{94DFDC00-8E30-42EB-9446-03606099DCD9}.Debug|x64.ActiveCfg = Debug|Win32
		{94DFDC00-8E30-42EB-9446-03606099DCD9}.Release|Win32.ActiveCfg = Release|Win32
		{94DFDC00-8E30-42EB-9446-03606099DCD9}.Release|Win32.Build.0 = Release|Win32
		{94DFDC00-8E30-42EB-9446-03606099DCD9}.Release|x64.ActiveCfg = Release|Win32
		{31EED45F-1B7D-42A1-881A-8AB71FA04D30}.Debug|Win32.ActiveCfg = Debug|Win32
		{31EED45F-1B7D-42A1-881A-8AB71FA04D30}.Debug|Win32.Build.0 = Debug|Win32
		{31EED45F-1B7D-42A1-881A-8AB71FA04D30}.Debug|x64.ActiveCfg = Debug|Win32
		{31EED45F-1B7D-42A1-881A-8AB71FA04D30}.Release|Win32.ActiveCfg = Release|Win32
		{31EED45F-1B7D-42A1-881A-8AB71FA04D30}.Release|Win32.Build.0 = Release|Win32
		{31EED45F-1B7D-42A1-881A-8AB71FA04D30}.Release|x64.ActiveCfg = Release|Win32
		{A703AF46-D111-4219-88C7-33D2F01AD515}.Debug|Win32.ActiveCfg = Debug|Win32
		{A703AF46-D111-4219-88C7-33D2F01AD515}.Debug|Win32.Build.0 = Debug|Win32
		{A703AF46-D111-4219-88C7-33D2F01AD515}.Debug|x64.ActiveCfg = Debug|Win32
		{A703AF46-D111-4219-88C7-33D2F01AD515}.Release|Win32.ActiveCfg = Release|Win32
		{A703AF46-D111-4219-88C7-33D2F01AD515}.Release|Win32.Build.0 = Release|Win32
		{A703AF46-D111-4219-88C7-33D2F01AD515}.Release|x64.ActiveCfg = Release|Win32
		{95C37911-B34F-42BC-AAC3-D51A2AEB0083}.Debug|Win32.ActiveCfg = Debug|Win32
		{95C37911-B34F-42BC-AAC3-D51A2AEB0083}.Debug|Win32.Build.0 = Debug|Win32
		{95C37911-B34F-42BC-AAC3-D51A2AEB0083}.Debug|x64.ActiveCfg = Debug|Win32
		{95C37911-B34F-42BC-AAC3-D51A2AEB0083}.Release|Win32.ActiveCfg = Release|Win32
		{95C37911-B34F-42BC-AAC3-D51A2AEB0083}.Release|Win32.Build.0 = Release|Win32
		{95C37911-B34F-42BC-AAC3-D51A2AEB0083}.Release|x64.ActiveCfg = Release|Win32
		{351F8B3B-9A5C-4E84-8851-B2C17CAB5722}.Debug|Win32.ActiveCfg = Debug|Win32
		{351F8B3B-9A5C-4E84-8851-B2C17CAB5722}.Debug|Win32.Build.0 = Debug|Win32
		{351F8B3B-9A5C-4E84-8851-B2C17CAB5722}.Debug|x64.ActiveCfg = Debug|Win32
		{351F8B3B-9A5C-4E84-8851-B2C17CAB5722}.Release|Win32.ActiveCfg = Release|Win32
		{351F8B3B-9A5C-4E84-8851-B2C17CAB5722}.Release|Win32.Build.0 = Release|Win32
		{351F8B3B-9A5C-4E84-8851-B2C17CAB5722}.Release|x64.ActiveCfg = Release|Win32
		{4C6FE2B1-5E3D-4C4E-AF86-C24E3E5B74C4}.Debug|Win32.ActiveCfg = Debug|Win32
		{4C6FE2B1-5E3D-4C4E-AF86-C24E3E5B74C4}.Debug|Win32.Build.0 = Debug|Win32
		{4C6FE2B1-5E3D-4C4E-AF86-C24E3E5B74C4}.Debug|x64.ActiveCfg = Debug|Win32
		{4C6FE2B1-5E3D-4C4E-AF86-C24E3E5B74C4}.Release|Win32.ActiveCfg = Release|Win32
		{4C6FE2B1-5E3D-4C4E-AF86-C24E3E5B74C4}.Release|Win32.Build.0 = Release|Win32
		{4C6FE2B1-5E3D-4C4E-AF86-C24E3E5B74C4}.Release|x64.ActiveCfg = Release|Win32
		{1328B898-FB77-4D29-83F6-CB495A56062D}.Debug|Win32.ActiveCfg = Debug|Win32
		{1328B898-FB77-4D29-83F6-CB495A56062D}.Debug|Win32.Build.0 = Debug|Win32
		{1328B898-FB77-4D29-83F6-CB495A56062D}.Debug|x64.ActiveCfg = Debug|x64
		{1328B898-FB77-4D29-83F6-CB495A56062D}.Debug|x64.Build.0 = Debug|x64
		{1328B898-FB77-4D29-83F6-CB495A56062D}.Release|Win32.ActiveCfg = Release|Win32
		{1328B898-FB77-4D29-83F6-CB495A56062D}.Release|Win32.Build.0 = Release|Win32
		{1328B898-FB77-4D29-83F6-CB495A56062D}.Release|x64.ActiveCfg = Release|x64
		{1328B898-FB77-4D29-83F6-CB495A56062D}.Release|x64.Build.0 = Release|x64
		{D811EB37-BD78-4C51-91B9-3F07EFACD177}.Debug|Win32.ActiveCfg = Debug|Win32
		{D811EB37-BD78-4C51-91B9-3F07EFACD177}.Debug|Win32.Build.0 = Debug|Win32
		{D811EB37-BD78-4C51-91B9-3F07EFACD177}.Debug|x64.ActiveCfg = Debug|x64
		{D811EB37-BD78-4C51-91B9-3F07EFACD177}.Debug|x64.Build.0 = Debug|x64
		{D811EB37-BD78-4C51-91B9-3F07EFACD177}.Release|Win32.ActiveCfg = Release|Win32
		{D811EB37-BD78-4C51-91B9-3F07EFACD177}.Release|Win32.Build.0 = Release|Win32
		{D811EB37-BD78-4C51-91B9-3F07EFACD177}.Release|x64.ActiveCfg = Release|x64
		{D811EB37-BD78-4C51-91B9-3F07EFACD177}.Release|x64.Build.0 = Release|x64
		{4B98A337-B8C7-438E-828E-EE6C48148279}.Debug|Win32.ActiveCfg = Debug|Win32
		{4B98A337-B8C7-438E-828E-EE6C48148279}.Debug|Win32.Build.0 = Debug|Win32
		{4B98A337-B8C7-438E-828E-EE6C48148279}.Debug|x64.ActiveCfg = Debug|x64
		{4B98A337-B8C7-438E-828E-EE6C48148279}.Debug|x64.Build.0 = Debug|x64
		{4B98A337-B8C7-438E-828E-EE6C48148279}.Release|Win32.ActiveCfg = Release|Win32
		{4B98A337-B8C7-438E-828E-EE6C48148279}.Release|Win32.Build.0 = Release|Win32
		{4B98A337-B8C7-438E-828E-EE6C48148279}.Release|x64.ActiveCfg = Release|x64
		{4B98A337-B8C7-438E-828E-EE6C48148279}.Release|x64.Build.0 = Release|x64
		{F9B3C6CD-A50E-4210-9700-C2E3FB8D31C4}.Debug|Win32.ActiveCfg = Debug|Win32
		{F9B3C6CD-A50E-4210-9700-C2E3FB8D31C4}.Debug|Win32.Build.0 = Debug|Win32
		{F9B3C6CD-A50E-4210-9700-C2E3FB8D31C4}.Debug|x64.ActiveCfg = Debug|x64
		{F9B3C6CD-A50E-4210-9700-C2E3FB8D31C4}.Debug|x64.Build.0 = Debug|x64
		{F9B3C6CD-A50E-4210-9700-C2E3FB8D31C4}.Release|Win32.ActiveCfg = Release|Win32
		{F9B3C6CD-A50E-4210-9700-C2E3FB8D31C4}.Release|Win32.Build.0 = Release|Win32
		{F9B3C6CD-A50E-4210-9700-C2E3FB8D31C4}.Release|x64.ActiveCfg = Release|x64
		{F9B3C6CD-A50E-4210-9700-C2E3FB8D31C4}.Release|x64.Build.0 = Release|x64
		{D83351FC-67C2-474E-B077-DB1B2667678B}.Debug|Win32.ActiveCfg = Debug|Win32
		{D83351FC-67C2-474E-B077-DB1B2667678B}.Debug|Win32.Build.0 = Debug|Win32
		{D83351FC-67C2-474E-B077-DB1B2667678B}.Debug|x64.ActiveCfg = Debug|x64
		{D83351FC-67C2-474E-B077-DB1B2667678B}.Debug|x64.Build.0 = Debug|x64
		{D83351FC-67C2-474E-B077-DB1B2667678B}.Release|Win32.ActiveCfg = Release|Win32
		{D83351FC-67C2-474E-B077-DB1B2667678B}.Release|Win32.Build.0 = Release|Win32
		{D83351FC-67C2-474E-B077-DB1B2667678B}.Release|x64.ActiveCfg = Release|x64
		{D83351FC-67C2-474E-B077-DB1B2667678B}.Release|x64.Build.0 = Release|x64
		{B8AF2664-4DF8-494E-882C-4C3F8A04408B}.Debug|Win32.ActiveCfg = Debug|Win32
		{B8AF2664-4DF8-494E-882C-4C3F8A04408B}.Debug|Win32.Build.0 = Debug|Win32
		{B8AF2664-4DF8-494E-882C-4C3F8A04408B}.Debug|x64.ActiveCfg = Debug|x64
		{B8AF2664-4DF8-494E-882C-4C3F8A04408B}.Debug|x64.Build.0 = Debug|x64
		{B8AF2664-4DF8-494E-882C-4C3F8A04408B}.Release|Win32.ActiveCfg = Release|Win32
		{B8AF2664-4DF8-494E-882C-4C3F8A04408B}.Release|Win32.Build.0 = Release|Win32
		{B8AF2664-4DF8-494E-882C-4C3F8A04408B}.Release|x64.ActiveCfg = Release|x64
		{B8AF2664-4DF8-494E-882C-4C3F8A04408B}.Release|x64.Build.0 = Release|x64
		{97B79637-D050-4073-9B4A-9248286782C8}.Debug|Win32.ActiveCfg = Debug|Win32
		{97B79637-D050-4073-9B4A-9248286782C8}.Debug|Win32.Build.0 = Debug|Win32
		{97B79637-D050-4073-9B4A-9248286782C8}.Debug|x64.ActiveCfg = Debug|x64
		{97B79637-D050-4073-9B4A-9248286782C8}.Debug|x64.Build.0 = Debug|x64
		{97B79637-D050-4073-9B4A-9248286782C8}.Release|Win32.ActiveCfg = Release|Win32
		{97B79637-D050-4073-9B4A-9248286782C8}.Release|Win32.Build.0 = Release|Win32
		{97B79637-D050-4073-9B4A-9248286782C8}.Release|x64.ActiveCfg = Release|x64
		{97B79637-D050-4073-9B4A-9248286782C8}.Release|x64.Build.0 = Release|x64
		{802EB026-FE1E-4C38-97E3-2305B090EA47}.Debug|Win32.ActiveCfg = Debug|Win32
		{802EB026-FE1E-4C38-97E3-2305B090EA47}.Debug|Win32.Build.0 = Debug|Win32
		{802EB026-FE1E-4C38-97E3-2305B090EA47}.Debug|x64.ActiveCfg = Debug|x64
		{802EB026-FE1E-4C38-97E3-2305B090EA47}.Debug|x64.Build.0 = Debug|x64
		{802EB026-FE1E-4C38-97E3-2305B090EA47}.Release|Win32.ActiveCfg = Release|Win32
		{802EB026-FE1E-4C38-97E3-2305B090EA47}.Release|Win32.Build.0 = Release|Win32
		{802EB026-FE1E-4C38-97E3-2305B090EA47}.Release|x64.ActiveCfg = Release|x64
		{802EB026-FE1E-4C38-97E3-2305B090EA47}.Release|x64.Build.0 = Release|x64
		{7B1BAD22-5E56-40FA-A5F6-48D64FDC7A2F}.Debug|Win32.ActiveCfg = Debug|Win32
		{7B1BAD22-5E56-40FA-A5F6-48D64FDC7A2F}.Debug|Win32.Build.0 = Debug|Win32
		{7B1BAD22-5E56-40FA-A5F6-48D64FDC7A2F}.Debug|x64.ActiveCfg = Debug|x64
		{7B1BAD22-5E56-40FA-A5F6-48D64FDC7A2F}.Debug|x64.Build.0 = Debug|x64
		{7B1BAD22-5E56-40FA-A5F6-48D64FDC7A2F}.Release|Win32.ActiveCfg = Release|Win32
		{7B1BAD22-5E56-40FA-A5F6-48D64FDC7A2F}.Release|Win32.Build.0 = Release|Win32
		{7B1BAD22-5E56-40FA-A5F6-48D64FDC7A2F}.Release|x64.ActiveCfg = Release|x64
		{7B1BAD22-5E56-40FA-A5F6-48D64FDC7A2F}.Release|x64.Build.0 = Release|x64
		{0A6F4F23-7C5F-4AFA-9990-8144E62236E5}.Debug|Win32.ActiveCfg = Debug|Win32
		{0A6F4F23-7C5F-4AFA-9990-8144E62236E5}.Debug|Win32.Build.0 = Debug|Win32
		{0A6F4F23-7C5F-4AFA-9990-8144E62236E5}.Debug|x64.ActiveCfg = Debug|x64
		{0A6F4F23-7C5F-4AFA-9990-8144E62236E5}.Debug|x64.Build.0 = Debug|x64
		{0A6F4F23-7C5F-4AFA-9990-8144E62236E5}.Release|Win32.ActiveCfg = Release|Win32
		{0A6F4F23-7C5F-4AFA-9990-8144E62236E5}.Release|Win32.Build.0 = Release|Win32
		{0A6F4F23-7C5F-4AFA-9990-8144E62236E5}.Release|x64.ActiveCfg = Release|x64
		{0A6F4F23-7C5F-4AFA-9990-8144E62236E5}.Release|x64.Build.0 = Release|x64
		{93FDFDC4-775C-4EED-B61B-4698E47727DF}.Debug|Win32.ActiveCfg = Debug|Win32
		{93FDFDC4-775C-4EED-B61B-4698E47727DF}.Debug|Win32.Build.0 = Debug|Win32
		{93FDFDC4-775C-4EED-B61B-4698E47727DF}.Debug|x64.ActiveCfg = Debug|x64
		{93FDFDC4-775C-4EED-B61B-4698E47727DF}.Debug|x64.Build.0 = Debug|x64
		{93FDFDC4-775C-4EED-B61B-4698E47727DF}.Release|Win32.ActiveCfg = Release|Win32
		{93FDFDC4-775C-4EED-B61B-4698E47727DF}.Release|Win32.Build.0 = Release|Win32
		{93FDFDC4-775C-4EED-B61B-4698E47727DF}.Release|x64.ActiveCfg = Release|x64
		{93FDFDC4-775C-4EED-B61B-4698E47727DF}.Release|x64.Build.0 = Release|x64
		{CBD060F2-3BF4-458E-8F4F-AF9C0CD890B1}.Debug|Win32.ActiveCfg = Debug|Win32
		{CBD060F2-3BF4-458E-8F4F-AF9C0CD890B1}.Debug|Win32.Build.0 = Debug|Win32
		{CBD060F2-3BF4-458E-8F4F-AF9C0CD890B1}.Debug|x64.ActiveCfg = Debug|x64
		{CBD060F2-3BF4-458E-8F4F-AF9C0CD890B1}.Debug|x64.Build.0 = Debug|x64
		{CBD060F2-3BF4-458E-8F4F-AF9C0CD890B1}.Release|Win32.ActiveCfg = Release|Win32
		{CBD060F2-3BF4-458E-8F4F-AF9C0CD890B1}.Release|Win32.Build.0 = Release|Win32
		{CBD060F2-3BF4-458E-8F4F-AF9C0CD890B1}.Release|x64.ActiveCfg = Release|x64
		{CBD060F2-3BF4-458E-8F4F-AF9C0CD890B1}.Release|x64.Build.0 = Release|x64
		{B8C8731A-BAB7-4938-81AD-73B3A31C632C}.Debug|Win32.ActiveCfg = Debug|Win32
		{B8C8731A-BAB7-4938-81AD-73B3A31C632C}.Debug|Win32.Build.0 = Debug|Win32
		{B8C8731A-BAB7-4938-81AD-73B3A31C632C}.Debug|x64.ActiveCfg = Debug|x64
		{B8C8731A-BAB7-4938-81AD-73B3A31C632C}.Debug|x64.Build.0 = Debug|x64
		{B8C8731A-BAB7-4938-81AD-73B3A31C632C}.Release|Win32.ActiveCfg = Release|Win32
		{B8C8731A-BAB7-4938-81AD-73B3A31C632C}.Release|Win32.Build.0 = Release|Win32
		{B8C8731A-BAB7-4938-81AD-73B3A31C632C}.Release|x64.ActiveCfg = Release|x64
		{B8C8731A-BAB7-4938-81AD-73B3A31C632C}.Release|x64.Build.0 = Release|x64
		{235F17A3-36D4-49E5-ACA1-D9AF14F1AB82}.Debug|Win32.ActiveCfg = Debug|Win32
		{235F17A3-36D4-49E5-ACA1-D9AF14F1AB82}.Debug|Win32.Build.0 = Debug|Win32
		{235F17A3-36D4-49E5-ACA1-D9AF14F1AB82}.Debug|x64.ActiveCfg = Debug|x64
		{235F17A3-36D4-49E5-ACA1-D9AF14F1AB82}.Debug|x64.Build.0 = Debug|x64
		{235F17A3-36D4-49E5-ACA1-D9AF14F1AB82}.Release|Win32.ActiveCfg = Release|Win32
		{235F17A3-36D4-49E5-ACA1-D9AF14F1AB82}.Release|Win32.Build.0 = Release|Win32
		{235F17A3-36D4-49E5-ACA1-D9AF14F1AB82}.Release|x64.ActiveCfg = Release|x64
		{235F17A3-36D4-49E5-ACA1-D9AF14F1AB82}.Release|x64.Build.0 = Release|x64
		{1ADD78B2-4735-436B-906E-B82025C04298}.Debug|Win32.ActiveCfg = Debug|Win32
		{1ADD78B2-4735-436B-906E-B82025C04298}.Debug|Win32.Build.0 = Debug|Win32
		{1ADD78B2-4735-436B-906E-B82025C04298}.Debug|x64.ActiveCfg = Debug|x64
		{1ADD78B2-4735-436B-906E-B82025C04298}.Debug|x64.Build.0 = Debug|x64
		{1ADD78B2-4735-436B-906E-B82025C04298}.Release|Win32.ActiveCfg = Release|Win32
		{1ADD78B2-4735-436B-906E-B82025C04298}.Release|Win32.Build.0 = Release|Win32
		{1ADD78B2-4735-436B-906E-B82025C04298}.Release|x64.ActiveCfg = Release|x64
		{1ADD78B2-4735-436B-906E-B82025C04298}.Release|x64.Build.0 = Release|x64
	EndGlobalSection
	GlobalSection(SolutionProperties) = preSolution
		HideSolutionNode = FALSE
	EndGlobalSection
EndGlobal
